
Microsoft Visual Studio Solution File, Format Version 12.00
# Visual Studio 15
Project("{FAE04EC0-301F-11D3-BF4B-00C04F79EFBC}") = "Unity.Services.Core.Telemetry", "Unity.Services.Core.Telemetry.csproj", "{8B5A3A23-296E-0965-4E22-EE946B4574F4}"
EndProject
Project("{FAE04EC0-301F-11D3-BF4B-00C04F79EFBC}") = "UnityEngine.TestRunner", "UnityEngine.TestRunner.csproj", "{9962319D-2328-CFCD-11B7-03DE0A99EB8C}"
EndProject
Project("{FAE04EC0-301F-11D3-BF4B-00C04F79EFBC}") = "UnityEngine.XR.LegacyInputHelpers", "UnityEngine.XR.LegacyInputHelpers.csproj", "{C355492C-E677-1CEE-4682-D2C295B579C7}"
EndProject
Project("{FAE04EC0-301F-11D3-BF4B-00C04F79EFBC}") = "Unity.Services.Core.Internal", "Unity.Services.Core.Internal.csproj", "{C6E16E8E-B115-6121-B9E1-6BE7B17842F5}"
EndProject
Project("{FAE04EC0-301F-11D3-BF4B-00C04F79EFBC}") = "Unity.Timeline", "Unity.Timeline.csproj", "{92A90B03-289C-909A-DAAA-E4985E03FE8B}"
EndProject
Project("{FAE04EC0-301F-11D3-BF4B-00C04F79EFBC}") = "UnityEngine.Purchasing.WinRTCore", "UnityEngine.Purchasing.WinRTCore.csproj", "{2170A61A-B7C2-F275-EE3A-265EB993034F}"
EndProject
Project("{FAE04EC0-301F-11D3-BF4B-00C04F79EFBC}") = "UnityEngine.Monetization", "UnityEngine.Monetization.csproj", "{01577B8C-7A8D-273F-5E14-1D0A134CDDD9}"
EndProject
Project("{FAE04EC0-301F-11D3-BF4B-00C04F79EFBC}") = "UnityEngine.Purchasing.SecurityCore", "UnityEngine.Purchasing.SecurityCore.csproj", "{064158AB-376C-46EF-9193-1F99061F4D6E}"
EndProject
Project("{FAE04EC0-301F-11D3-BF4B-00C04F79EFBC}") = "Unity.TextMeshPro", "Unity.TextMeshPro.csproj", "{2B72EA31-E1AB-25B5-FEDA-E7205B567DC5}"
EndProject
Project("{FAE04EC0-301F-11D3-BF4B-00C04F79EFBC}") = "UnityEngine.Purchasing", "UnityEngine.Purchasing.csproj", "{BCAC3465-3D41-5970-16B3-6CD2EAA989AB}"
EndProject
Project("{FAE04EC0-301F-11D3-BF4B-00C04F79EFBC}") = "UnityEngine.Purchasing.AppleCore", "UnityEngine.Purchasing.AppleCore.csproj", "{28E25B33-6993-EF05-9675-90EF10CFE1D6}"
EndProject
Project("{FAE04EC0-301F-11D3-BF4B-00C04F79EFBC}") = "Unity.Services.Core.Environments.Internal", "Unity.Services.Core.Environments.Internal.csproj", "{1BB4C27A-5EA7-B225-963F-9B7319D0BB8C}"
EndProject
Project("{FAE04EC0-301F-11D3-BF4B-00C04F79EFBC}") = "UnityEngine.Purchasing.Stores", "UnityEngine.Purchasing.Stores.csproj", "{F176E37E-3A37-FF18-48D1-5C87639D1880}"
EndProject
Project("{FAE04EC0-301F-11D3-BF4B-00C04F79EFBC}") = "UnityEngine.Advertisements", "UnityEngine.Advertisements.csproj", "{4C5B8239-75E6-3CE1-EED3-33A0BAD9CFDB}"
EndProject
Project("{FAE04EC0-301F-11D3-BF4B-00C04F79EFBC}") = "Unity.Services.Core.Configuration", "Unity.Services.Core.Configuration.csproj", "{F57EE0CF-F722-95B7-6C4A-5D07F0865946}"
EndProject
Project("{FAE04EC0-301F-11D3-BF4B-00C04F79EFBC}") = "Unity.Services.Core", "Unity.Services.Core.csproj", "{28F25CEB-93BF-E78F-1CB7-47D8761417E0}"
EndProject
Project("{FAE04EC0-301F-11D3-BF4B-00C04F79EFBC}") = "Unity.Services.Core.Environments", "Unity.Services.Core.Environments.csproj", "{8226ACAE-4EC3-8334-6932-A3138CE2F22E}"
EndProject
Project("{FAE04EC0-301F-11D3-BF4B-00C04F79EFBC}") = "Unity.Services.Core.Networking", "Unity.Services.Core.Networking.csproj", "{20299E42-2F80-7AC3-10D3-B6A115C390F8}"
EndProject
Project("{FAE04EC0-301F-11D3-BF4B-00C04F79EFBC}") = "Assembly-CSharp", "Assembly-CSharp.csproj", "{A60331E9-50F6-448A-F71C-13B73D635A58}"
EndProject
Project("{FAE04EC0-301F-11D3-BF4B-00C04F79EFBC}") = "UnityEngine.Purchasing.SecurityStub", "UnityEngine.Purchasing.SecurityStub.csproj", "{4E5DBC55-51A8-CFC8-DC3D-4AD9E2DE7663}"
EndProject
Project("{FAE04EC0-301F-11D3-BF4B-00C04F79EFBC}") = "Unity.Services.Core.Analytics", "Unity.Services.Core.Analytics.csproj", "{C507A73E-F348-D721-B70B-FC1615C180FE}"
EndProject
Project("{FAE04EC0-301F-11D3-BF4B-00C04F79EFBC}") = "Purchasing.Common", "Purchasing.Common.csproj", "{4F842D37-D94B-44F5-A316-D1D42457AEB5}"
EndProject
Project("{FAE04EC0-301F-11D3-BF4B-00C04F79EFBC}") = "Unity.Services.Core.Scheduler", "Unity.Services.Core.Scheduler.csproj", "{D1B60703-3202-6D53-31FF-4AD5F58E7683}"
EndProject
Project("{FAE04EC0-301F-11D3-BF4B-00C04F79EFBC}") = "UnityEngine.Purchasing.Codeless", "UnityEngine.Purchasing.Codeless.csproj", "{BD366779-FADD-108C-BE1E-18148EAE2061}"
EndProject
Project("{FAE04EC0-301F-11D3-BF4B-00C04F79EFBC}") = "Unity.Services.Core.Registration", "Unity.Services.Core.Registration.csproj", "{DD6F128C-94AE-B5E9-4EF3-FB80720D0004}"
EndProject
Project("{FAE04EC0-301F-11D3-BF4B-00C04F79EFBC}") = "Unity.Services.Core.Device", "Unity.Services.Core.Device.csproj", "{59171B6D-DFF1-B89D-1D77-512AC2D91422}"
EndProject
Project("{FAE04EC0-301F-11D3-BF4B-00C04F79EFBC}") = "UnityEngine.Purchasing.WinRTStub", "UnityEngine.Purchasing.WinRTStub.csproj", "{B09A760E-079F-C693-EA53-6B45B1ABF221}"
EndProject
Project("{FAE04EC0-301F-11D3-BF4B-00C04F79EFBC}") = "Unity.Services.Core.Threading", "Unity.Services.Core.Threading.csproj", "{2A7290A6-54AE-D639-9866-920D1D676CC7}"
EndProject
Project("{FAE04EC0-301F-11D3-BF4B-00C04F79EFBC}") = "UnityEngine.Purchasing.AppleStub", "UnityEngine.Purchasing.AppleStub.csproj", "{170C431C-873C-2D50-5E02-73793557616C}"
EndProject
Project("{FAE04EC0-301F-11D3-BF4B-00C04F79EFBC}") = "UnityEngine.Purchasing.AppleMacosStub", "UnityEngine.Purchasing.AppleMacosStub.csproj", "{F72156C5-2E15-CCF8-C82C-1CA9A4A29917}"
EndProject
Project("{FAE04EC0-301F-11D3-BF4B-00C04F79EFBC}") = "UnityEngine.SpatialTracking", "UnityEngine.SpatialTracking.csproj", "{309CEBA2-3E1A-7D8A-F8FC-1A002151BB4A}"
EndProject
Project("{FAE04EC0-301F-11D3-BF4B-00C04F79EFBC}") = "Unity.Analytics.DataPrivacy", "Unity.Analytics.DataPrivacy.csproj", "{8843853C-45C9-8D17-1B5A-3B369A9D8428}"
EndProject
Project("{FAE04EC0-301F-11D3-BF4B-00C04F79EFBC}") = "UnityEditor.TestRunner", "UnityEditor.TestRunner.csproj", "{94BF63DF-7FFA-170E-48A0-192279F99076}"
EndProject
Project("{FAE04EC0-301F-11D3-BF4B-00C04F79EFBC}") = "Unity.PlasticSCM.Editor", "Unity.PlasticSCM.Editor.csproj", "{913C4547-1594-4E92-5606-16BECB1FD4EF}"
EndProject
Project("{FAE04EC0-301F-11D3-BF4B-00C04F79EFBC}") = "Unity.Timeline.Editor", "Unity.Timeline.Editor.csproj", "{DCFFB44A-CAAC-F965-FB4A-C3B86F9E490B}"
EndProject
Project("{FAE04EC0-301F-11D3-BF4B-00C04F79EFBC}") = "Unity.VisualStudio.Editor", "Unity.VisualStudio.Editor.csproj", "{DFB5A761-9B9A-E057-A109-1F6D17248C75}"
EndProject
Project("{FAE04EC0-301F-11D3-BF4B-00C04F79EFBC}") = "UnityEngine.Advertisements.Editor", "UnityEngine.Advertisements.Editor.csproj", "{A8C6C68B-D553-9BC1-9330-3B7F792C1180}"
EndProject
Project("{FAE04EC0-301F-11D3-BF4B-00C04F79EFBC}") = "Unity.TextMeshPro.Editor", "Unity.TextMeshPro.Editor.csproj", "{2314DD32-2B5A-6E44-F314-D7D61ABE32B2}"
EndProject
Project("{FAE04EC0-301F-11D3-BF4B-00C04F79EFBC}") = "Unity.CollabProxy.Editor", "Unity.CollabProxy.Editor.csproj", "{53D2E027-4E61-191B-FEA8-6DB67BC9C676}"
EndProject
Project("{FAE04EC0-301F-11D3-BF4B-00C04F79EFBC}") = "UnityEditor.Purchasing", "UnityEditor.Purchasing.csproj", "{D8D5E659-AD8A-8CDB-7EEE-2A4FB4D39630}"
EndProject
Project("{FAE04EC0-301F-11D3-BF4B-00C04F79EFBC}") = "Unity.Services.Core.Editor", "Unity.Services.Core.Editor.csproj", "{A6B122AA-C8A4-C2F7-96F7-AC2F5F03D657}"
EndProject
Project("{FAE04EC0-301F-11D3-BF4B-00C04F79EFBC}") = "Unity.Rider.Editor", "Unity.Rider.Editor.csproj", "{072E53B2-EF6E-8849-2793-EF634591DBC6}"
EndProject
Project("{FAE04EC0-301F-11D3-BF4B-00C04F79EFBC}") = "UnityEngine.Advertisements.DevX.Editor", "UnityEngine.Advertisements.DevX.Editor.csproj", "{95EF1A33-CF11-2E86-3EBC-925B411A5F58}"
EndProject
Project("{FAE04EC0-301F-11D3-BF4B-00C04F79EFBC}") = "UnityEditor.XR.LegacyInputHelpers", "UnityEditor.XR.LegacyInputHelpers.csproj", "{5F862E42-1FE8-C6C9-1100-D7C9CD99741C}"
EndProject
Project("{FAE04EC0-301F-11D3-BF4B-00C04F79EFBC}") = "Unity.VSCode.Editor", "Unity.VSCode.Editor.csproj", "{5156D614-06E0-D61F-56E6-2689FE31CE9D}"
EndProject
Project("{FAE04EC0-301F-11D3-BF4B-00C04F79EFBC}") = "Unity.Services.Core.Configuration.Editor", "Unity.Services.Core.Configuration.Editor.csproj", "{0E9564F0-4EF6-EA00-308E-902DFDFA7B1F}"
EndProject
Project("{FAE04EC0-301F-11D3-BF4B-00C04F79EFBC}") = "UnityEditor.SpatialTracking", "UnityEditor.SpatialTracking.csproj", "{2FC2DA85-48D0-2539-DE83-AAA90B745C56}"
EndProject
Project("{FAE04EC0-301F-11D3-BF4B-00C04F79EFBC}") = "Analytics", "Analytics.csproj", "{527241B7-F883-317E-DD27-4D6761CCBBF0}"
EndProject
Project("{FAE04EC0-301F-11D3-BF4B-00C04F79EFBC}") = "Assembly-CSharp-Editor", "Assembly-CSharp-Editor.csproj", "{8D5C5FA2-FBA7-6B21-99A6-F5D4637FDEF1}"
EndProject
Global
	GlobalSection(SolutionConfigurationPlatforms) = preSolution
		Debug|Any CPU = Debug|Any CPU
		Release|Any CPU = Release|Any CPU
	EndGlobalSection
	GlobalSection(ProjectConfigurationPlatforms) = postSolution
		{8B5A3A23-296E-0965-4E22-EE946B4574F4}.Debug|Any CPU.ActiveCfg = Debug|Any CPU
		{8B5A3A23-296E-0965-4E22-EE946B4574F4}.Debug|Any CPU.Build.0 = Debug|Any CPU
		{8B5A3A23-296E-0965-4E22-EE946B4574F4}.Release|Any CPU.ActiveCfg = Release|Any CPU
		{8B5A3A23-296E-0965-4E22-EE946B4574F4}.Release|Any CPU.Build.0 = Release|Any CPU
		{9962319D-2328-CFCD-11B7-03DE0A99EB8C}.Debug|Any CPU.ActiveCfg = Debug|Any CPU
		{9962319D-2328-CFCD-11B7-03DE0A99EB8C}.Debug|Any CPU.Build.0 = Debug|Any CPU
		{9962319D-2328-CFCD-11B7-03DE0A99EB8C}.Release|Any CPU.ActiveCfg = Release|Any CPU
		{9962319D-2328-CFCD-11B7-03DE0A99EB8C}.Release|Any CPU.Build.0 = Release|Any CPU
		{C355492C-E677-1CEE-4682-D2C295B579C7}.Debug|Any CPU.ActiveCfg = Debug|Any CPU
		{C355492C-E677-1CEE-4682-D2C295B579C7}.Debug|Any CPU.Build.0 = Debug|Any CPU
		{C355492C-E677-1CEE-4682-D2C295B579C7}.Release|Any CPU.ActiveCfg = Release|Any CPU
		{C355492C-E677-1CEE-4682-D2C295B579C7}.Release|Any CPU.Build.0 = Release|Any CPU
		{C6E16E8E-B115-6121-B9E1-6BE7B17842F5}.Debug|Any CPU.ActiveCfg = Debug|Any CPU
		{C6E16E8E-B115-6121-B9E1-6BE7B17842F5}.Debug|Any CPU.Build.0 = Debug|Any CPU
		{C6E16E8E-B115-6121-B9E1-6BE7B17842F5}.Release|Any CPU.ActiveCfg = Release|Any CPU
		{C6E16E8E-B115-6121-B9E1-6BE7B17842F5}.Release|Any CPU.Build.0 = Release|Any CPU
		{92A90B03-289C-909A-DAAA-E4985E03FE8B}.Debug|Any CPU.ActiveCfg = Debug|Any CPU
		{92A90B03-289C-909A-DAAA-E4985E03FE8B}.Debug|Any CPU.Build.0 = Debug|Any CPU
		{92A90B03-289C-909A-DAAA-E4985E03FE8B}.Release|Any CPU.ActiveCfg = Release|Any CPU
		{92A90B03-289C-909A-DAAA-E4985E03FE8B}.Release|Any CPU.Build.0 = Release|Any CPU
		{2170A61A-B7C2-F275-EE3A-265EB993034F}.Debug|Any CPU.ActiveCfg = Debug|Any CPU
		{2170A61A-B7C2-F275-EE3A-265EB993034F}.Debug|Any CPU.Build.0 = Debug|Any CPU
		{2170A61A-B7C2-F275-EE3A-265EB993034F}.Release|Any CPU.ActiveCfg = Release|Any CPU
		{2170A61A-B7C2-F275-EE3A-265EB993034F}.Release|Any CPU.Build.0 = Release|Any CPU
		{01577B8C-7A8D-273F-5E14-1D0A134CDDD9}.Debug|Any CPU.ActiveCfg = Debug|Any CPU
		{01577B8C-7A8D-273F-5E14-1D0A134CDDD9}.Debug|Any CPU.Build.0 = Debug|Any CPU
		{01577B8C-7A8D-273F-5E14-1D0A134CDDD9}.Release|Any CPU.ActiveCfg = Release|Any CPU
		{01577B8C-7A8D-273F-5E14-1D0A134CDDD9}.Release|Any CPU.Build.0 = Release|Any CPU
		{064158AB-376C-46EF-9193-1F99061F4D6E}.Debug|Any CPU.ActiveCfg = Debug|Any CPU
		{064158AB-376C-46EF-9193-1F99061F4D6E}.Debug|Any CPU.Build.0 = Debug|Any CPU
		{064158AB-376C-46EF-9193-1F99061F4D6E}.Release|Any CPU.ActiveCfg = Release|Any CPU
		{064158AB-376C-46EF-9193-1F99061F4D6E}.Release|Any CPU.Build.0 = Release|Any CPU
		{2B72EA31-E1AB-25B5-FEDA-E7205B567DC5}.Debug|Any CPU.ActiveCfg = Debug|Any CPU
		{2B72EA31-E1AB-25B5-FEDA-E7205B567DC5}.Debug|Any CPU.Build.0 = Debug|Any CPU
		{2B72EA31-E1AB-25B5-FEDA-E7205B567DC5}.Release|Any CPU.ActiveCfg = Release|Any CPU
		{2B72EA31-E1AB-25B5-FEDA-E7205B567DC5}.Release|Any CPU.Build.0 = Release|Any CPU
		{BCAC3465-3D41-5970-16B3-6CD2EAA989AB}.Debug|Any CPU.ActiveCfg = Debug|Any CPU
		{BCAC3465-3D41-5970-16B3-6CD2EAA989AB}.Debug|Any CPU.Build.0 = Debug|Any CPU
		{BCAC3465-3D41-5970-16B3-6CD2EAA989AB}.Release|Any CPU.ActiveCfg = Release|Any CPU
		{BCAC3465-3D41-5970-16B3-6CD2EAA989AB}.Release|Any CPU.Build.0 = Release|Any CPU
		{28E25B33-6993-EF05-9675-90EF10CFE1D6}.Debug|Any CPU.ActiveCfg = Debug|Any CPU
		{28E25B33-6993-EF05-9675-90EF10CFE1D6}.Debug|Any CPU.Build.0 = Debug|Any CPU
		{28E25B33-6993-EF05-9675-90EF10CFE1D6}.Release|Any CPU.ActiveCfg = Release|Any CPU
		{28E25B33-6993-EF05-9675-90EF10CFE1D6}.Release|Any CPU.Build.0 = Release|Any CPU
		{1BB4C27A-5EA7-B225-963F-9B7319D0BB8C}.Debug|Any CPU.ActiveCfg = Debug|Any CPU
		{1BB4C27A-5EA7-B225-963F-9B7319D0BB8C}.Debug|Any CPU.Build.0 = Debug|Any CPU
		{1BB4C27A-5EA7-B225-963F-9B7319D0BB8C}.Release|Any CPU.ActiveCfg = Release|Any CPU
		{1BB4C27A-5EA7-B225-963F-9B7319D0BB8C}.Release|Any CPU.Build.0 = Release|Any CPU
		{F176E37E-3A37-FF18-48D1-5C87639D1880}.Debug|Any CPU.ActiveCfg = Debug|Any CPU
		{F176E37E-3A37-FF18-48D1-5C87639D1880}.Debug|Any CPU.Build.0 = Debug|Any CPU
		{F176E37E-3A37-FF18-48D1-5C87639D1880}.Release|Any CPU.ActiveCfg = Release|Any CPU
		{F176E37E-3A37-FF18-48D1-5C87639D1880}.Release|Any CPU.Build.0 = Release|Any CPU
		{4C5B8239-75E6-3CE1-EED3-33A0BAD9CFDB}.Debug|Any CPU.ActiveCfg = Debug|Any CPU
		{4C5B8239-75E6-3CE1-EED3-33A0BAD9CFDB}.Debug|Any CPU.Build.0 = Debug|Any CPU
		{4C5B8239-75E6-3CE1-EED3-33A0BAD9CFDB}.Release|Any CPU.ActiveCfg = Release|Any CPU
		{4C5B8239-75E6-3CE1-EED3-33A0BAD9CFDB}.Release|Any CPU.Build.0 = Release|Any CPU
		{F57EE0CF-F722-95B7-6C4A-5D07F0865946}.Debug|Any CPU.ActiveCfg = Debug|Any CPU
		{F57EE0CF-F722-95B7-6C4A-5D07F0865946}.Debug|Any CPU.Build.0 = Debug|Any CPU
		{F57EE0CF-F722-95B7-6C4A-5D07F0865946}.Release|Any CPU.ActiveCfg = Release|Any CPU
		{F57EE0CF-F722-95B7-6C4A-5D07F0865946}.Release|Any CPU.Build.0 = Release|Any CPU
		{28F25CEB-93BF-E78F-1CB7-47D8761417E0}.Debug|Any CPU.ActiveCfg = Debug|Any CPU
		{28F25CEB-93BF-E78F-1CB7-47D8761417E0}.Debug|Any CPU.Build.0 = Debug|Any CPU
		{28F25CEB-93BF-E78F-1CB7-47D8761417E0}.Release|Any CPU.ActiveCfg = Release|Any CPU
		{28F25CEB-93BF-E78F-1CB7-47D8761417E0}.Release|Any CPU.Build.0 = Release|Any CPU
		{8226ACAE-4EC3-8334-6932-A3138CE2F22E}.Debug|Any CPU.ActiveCfg = Debug|Any CPU
		{8226ACAE-4EC3-8334-6932-A3138CE2F22E}.Debug|Any CPU.Build.0 = Debug|Any CPU
		{8226ACAE-4EC3-8334-6932-A3138CE2F22E}.Release|Any CPU.ActiveCfg = Release|Any CPU
		{8226ACAE-4EC3-8334-6932-A3138CE2F22E}.Release|Any CPU.Build.0 = Release|Any CPU
		{20299E42-2F80-7AC3-10D3-B6A115C390F8}.Debug|Any CPU.ActiveCfg = Debug|Any CPU
		{20299E42-2F80-7AC3-10D3-B6A115C390F8}.Debug|Any CPU.Build.0 = Debug|Any CPU
		{20299E42-2F80-7AC3-10D3-B6A115C390F8}.Release|Any CPU.ActiveCfg = Release|Any CPU
		{20299E42-2F80-7AC3-10D3-B6A115C390F8}.Release|Any CPU.Build.0 = Release|Any CPU
		{A60331E9-50F6-448A-F71C-13B73D635A58}.Debug|Any CPU.ActiveCfg = Debug|Any CPU
		{A60331E9-50F6-448A-F71C-13B73D635A58}.Debug|Any CPU.Build.0 = Debug|Any CPU
		{A60331E9-50F6-448A-F71C-13B73D635A58}.Release|Any CPU.ActiveCfg = Release|Any CPU
		{A60331E9-50F6-448A-F71C-13B73D635A58}.Release|Any CPU.Build.0 = Release|Any CPU
		{4E5DBC55-51A8-CFC8-DC3D-4AD9E2DE7663}.Debug|Any CPU.ActiveCfg = Debug|Any CPU
		{4E5DBC55-51A8-CFC8-DC3D-4AD9E2DE7663}.Debug|Any CPU.Build.0 = Debug|Any CPU
		{4E5DBC55-51A8-CFC8-DC3D-4AD9E2DE7663}.Release|Any CPU.ActiveCfg = Release|Any CPU
		{4E5DBC55-51A8-CFC8-DC3D-4AD9E2DE7663}.Release|Any CPU.Build.0 = Release|Any CPU
		{C507A73E-F348-D721-B70B-FC1615C180FE}.Debug|Any CPU.ActiveCfg = Debug|Any CPU
		{C507A73E-F348-D721-B70B-FC1615C180FE}.Debug|Any CPU.Build.0 = Debug|Any CPU
		{C507A73E-F348-D721-B70B-FC1615C180FE}.Release|Any CPU.ActiveCfg = Release|Any CPU
		{C507A73E-F348-D721-B70B-FC1615C180FE}.Release|Any CPU.Build.0 = Release|Any CPU
		{4F842D37-D94B-44F5-A316-D1D42457AEB5}.Debug|Any CPU.ActiveCfg = Debug|Any CPU
		{4F842D37-D94B-44F5-A316-D1D42457AEB5}.Debug|Any CPU.Build.0 = Debug|Any CPU
		{4F842D37-D94B-44F5-A316-D1D42457AEB5}.Release|Any CPU.ActiveCfg = Release|Any CPU
		{4F842D37-D94B-44F5-A316-D1D42457AEB5}.Release|Any CPU.Build.0 = Release|Any CPU
		{D1B60703-3202-6D53-31FF-4AD5F58E7683}.Debug|Any CPU.ActiveCfg = Debug|Any CPU
		{D1B60703-3202-6D53-31FF-4AD5F58E7683}.Debug|Any CPU.Build.0 = Debug|Any CPU
		{D1B60703-3202-6D53-31FF-4AD5F58E7683}.Release|Any CPU.ActiveCfg = Release|Any CPU
		{D1B60703-3202-6D53-31FF-4AD5F58E7683}.Release|Any CPU.Build.0 = Release|Any CPU
		{BD366779-FADD-108C-BE1E-18148EAE2061}.Debug|Any CPU.ActiveCfg = Debug|Any CPU
		{BD366779-FADD-108C-BE1E-18148EAE2061}.Debug|Any CPU.Build.0 = Debug|Any CPU
		{BD366779-FADD-108C-BE1E-18148EAE2061}.Release|Any CPU.ActiveCfg = Release|Any CPU
		{BD366779-FADD-108C-BE1E-18148EAE2061}.Release|Any CPU.Build.0 = Release|Any CPU
		{DD6F128C-94AE-B5E9-4EF3-FB80720D0004}.Debug|Any CPU.ActiveCfg = Debug|Any CPU
		{DD6F128C-94AE-B5E9-4EF3-FB80720D0004}.Debug|Any CPU.Build.0 = Debug|Any CPU
		{DD6F128C-94AE-B5E9-4EF3-FB80720D0004}.Release|Any CPU.ActiveCfg = Release|Any CPU
		{DD6F128C-94AE-B5E9-4EF3-FB80720D0004}.Release|Any CPU.Build.0 = Release|Any CPU
		{59171B6D-DFF1-B89D-1D77-512AC2D91422}.Debug|Any CPU.ActiveCfg = Debug|Any CPU
		{59171B6D-DFF1-B89D-1D77-512AC2D91422}.Debug|Any CPU.Build.0 = Debug|Any CPU
		{59171B6D-DFF1-B89D-1D77-512AC2D91422}.Release|Any CPU.ActiveCfg = Release|Any CPU
		{59171B6D-DFF1-B89D-1D77-512AC2D91422}.Release|Any CPU.Build.0 = Release|Any CPU
		{B09A760E-079F-C693-EA53-6B45B1ABF221}.Debug|Any CPU.ActiveCfg = Debug|Any CPU
		{B09A760E-079F-C693-EA53-6B45B1ABF221}.Debug|Any CPU.Build.0 = Debug|Any CPU
		{B09A760E-079F-C693-EA53-6B45B1ABF221}.Release|Any CPU.ActiveCfg = Release|Any CPU
		{B09A760E-079F-C693-EA53-6B45B1ABF221}.Release|Any CPU.Build.0 = Release|Any CPU
		{2A7290A6-54AE-D639-9866-920D1D676CC7}.Debug|Any CPU.ActiveCfg = Debug|Any CPU
		{2A7290A6-54AE-D639-9866-920D1D676CC7}.Debug|Any CPU.Build.0 = Debug|Any CPU
		{2A7290A6-54AE-D639-9866-920D1D676CC7}.Release|Any CPU.ActiveCfg = Release|Any CPU
		{2A7290A6-54AE-D639-9866-920D1D676CC7}.Release|Any CPU.Build.0 = Release|Any CPU
		{170C431C-873C-2D50-5E02-73793557616C}.Debug|Any CPU.ActiveCfg = Debug|Any CPU
		{170C431C-873C-2D50-5E02-73793557616C}.Debug|Any CPU.Build.0 = Debug|Any CPU
		{170C431C-873C-2D50-5E02-73793557616C}.Release|Any CPU.ActiveCfg = Release|Any CPU
		{170C431C-873C-2D50-5E02-73793557616C}.Release|Any CPU.Build.0 = Release|Any CPU
		{F72156C5-2E15-CCF8-C82C-1CA9A4A29917}.Debug|Any CPU.ActiveCfg = Debug|Any CPU
		{F72156C5-2E15-CCF8-C82C-1CA9A4A29917}.Debug|Any CPU.Build.0 = Debug|Any CPU
		{F72156C5-2E15-CCF8-C82C-1CA9A4A29917}.Release|Any CPU.ActiveCfg = Release|Any CPU
		{F72156C5-2E15-CCF8-C82C-1CA9A4A29917}.Release|Any CPU.Build.0 = Release|Any CPU
		{309CEBA2-3E1A-7D8A-F8FC-1A002151BB4A}.Debug|Any CPU.ActiveCfg = Debug|Any CPU
		{309CEBA2-3E1A-7D8A-F8FC-1A002151BB4A}.Debug|Any CPU.Build.0 = Debug|Any CPU
		{309CEBA2-3E1A-7D8A-F8FC-1A002151BB4A}.Release|Any CPU.ActiveCfg = Release|Any CPU
		{309CEBA2-3E1A-7D8A-F8FC-1A002151BB4A}.Release|Any CPU.Build.0 = Release|Any CPU
		{8843853C-45C9-8D17-1B5A-3B369A9D8428}.Debug|Any CPU.ActiveCfg = Debug|Any CPU
		{8843853C-45C9-8D17-1B5A-3B369A9D8428}.Debug|Any CPU.Build.0 = Debug|Any CPU
		{8843853C-45C9-8D17-1B5A-3B369A9D8428}.Release|Any CPU.ActiveCfg = Release|Any CPU
		{8843853C-45C9-8D17-1B5A-3B369A9D8428}.Release|Any CPU.Build.0 = Release|Any CPU
		{94BF63DF-7FFA-170E-48A0-192279F99076}.Debug|Any CPU.ActiveCfg = Debug|Any CPU
		{94BF63DF-7FFA-170E-48A0-192279F99076}.Debug|Any CPU.Build.0 = Debug|Any CPU
		{94BF63DF-7FFA-170E-48A0-192279F99076}.Release|Any CPU.ActiveCfg = Release|Any CPU
		{94BF63DF-7FFA-170E-48A0-192279F99076}.Release|Any CPU.Build.0 = Release|Any CPU
		{913C4547-1594-4E92-5606-16BECB1FD4EF}.Debug|Any CPU.ActiveCfg = Debug|Any CPU
		{913C4547-1594-4E92-5606-16BECB1FD4EF}.Debug|Any CPU.Build.0 = Debug|Any CPU
		{913C4547-1594-4E92-5606-16BECB1FD4EF}.Release|Any CPU.ActiveCfg = Release|Any CPU
		{913C4547-1594-4E92-5606-16BECB1FD4EF}.Release|Any CPU.Build.0 = Release|Any CPU
		{DCFFB44A-CAAC-F965-FB4A-C3B86F9E490B}.Debug|Any CPU.ActiveCfg = Debug|Any CPU
		{DCFFB44A-CAAC-F965-FB4A-C3B86F9E490B}.Debug|Any CPU.Build.0 = Debug|Any CPU
		{DCFFB44A-CAAC-F965-FB4A-C3B86F9E490B}.Release|Any CPU.ActiveCfg = Release|Any CPU
		{DCFFB44A-CAAC-F965-FB4A-C3B86F9E490B}.Release|Any CPU.Build.0 = Release|Any CPU
		{DFB5A761-9B9A-E057-A109-1F6D17248C75}.Debug|Any CPU.ActiveCfg = Debug|Any CPU
		{DFB5A761-9B9A-E057-A109-1F6D17248C75}.Debug|Any CPU.Build.0 = Debug|Any CPU
		{DFB5A761-9B9A-E057-A109-1F6D17248C75}.Release|Any CPU.ActiveCfg = Release|Any CPU
		{DFB5A761-9B9A-E057-A109-1F6D17248C75}.Release|Any CPU.Build.0 = Release|Any CPU
		{A8C6C68B-D553-9BC1-9330-3B7F792C1180}.Debug|Any CPU.ActiveCfg = Debug|Any CPU
		{A8C6C68B-D553-9BC1-9330-3B7F792C1180}.Debug|Any CPU.Build.0 = Debug|Any CPU
		{A8C6C68B-D553-9BC1-9330-3B7F792C1180}.Release|Any CPU.ActiveCfg = Release|Any CPU
		{A8C6C68B-D553-9BC1-9330-3B7F792C1180}.Release|Any CPU.Build.0 = Release|Any CPU
		{2314DD32-2B5A-6E44-F314-D7D61ABE32B2}.Debug|Any CPU.ActiveCfg = Debug|Any CPU
		{2314DD32-2B5A-6E44-F314-D7D61ABE32B2}.Debug|Any CPU.Build.0 = Debug|Any CPU
		{2314DD32-2B5A-6E44-F314-D7D61ABE32B2}.Release|Any CPU.ActiveCfg = Release|Any CPU
		{2314DD32-2B5A-6E44-F314-D7D61ABE32B2}.Release|Any CPU.Build.0 = Release|Any CPU
		{53D2E027-4E61-191B-FEA8-6DB67BC9C676}.Debug|Any CPU.ActiveCfg = Debug|Any CPU
		{53D2E027-4E61-191B-FEA8-6DB67BC9C676}.Debug|Any CPU.Build.0 = Debug|Any CPU
		{53D2E027-4E61-191B-FEA8-6DB67BC9C676}.Release|Any CPU.ActiveCfg = Release|Any CPU
		{53D2E027-4E61-191B-FEA8-6DB67BC9C676}.Release|Any CPU.Build.0 = Release|Any CPU
		{D8D5E659-AD8A-8CDB-7EEE-2A4FB4D39630}.Debug|Any CPU.ActiveCfg = Debug|Any CPU
		{D8D5E659-AD8A-8CDB-7EEE-2A4FB4D39630}.Debug|Any CPU.Build.0 = Debug|Any CPU
		{D8D5E659-AD8A-8CDB-7EEE-2A4FB4D39630}.Release|Any CPU.ActiveCfg = Release|Any CPU
		{D8D5E659-AD8A-8CDB-7EEE-2A4FB4D39630}.Release|Any CPU.Build.0 = Release|Any CPU
		{A6B122AA-C8A4-C2F7-96F7-AC2F5F03D657}.Debug|Any CPU.ActiveCfg = Debug|Any CPU
		{A6B122AA-C8A4-C2F7-96F7-AC2F5F03D657}.Debug|Any CPU.Build.0 = Debug|Any CPU
		{A6B122AA-C8A4-C2F7-96F7-AC2F5F03D657}.Release|Any CPU.ActiveCfg = Release|Any CPU
		{A6B122AA-C8A4-C2F7-96F7-AC2F5F03D657}.Release|Any CPU.Build.0 = Release|Any CPU
		{072E53B2-EF6E-8849-2793-EF634591DBC6}.Debug|Any CPU.ActiveCfg = Debug|Any CPU
		{072E53B2-EF6E-8849-2793-EF634591DBC6}.Debug|Any CPU.Build.0 = Debug|Any CPU
		{072E53B2-EF6E-8849-2793-EF634591DBC6}.Release|Any CPU.ActiveCfg = Release|Any CPU
		{072E53B2-EF6E-8849-2793-EF634591DBC6}.Release|Any CPU.Build.0 = Release|Any CPU
		{95EF1A33-CF11-2E86-3EBC-925B411A5F58}.Debug|Any CPU.ActiveCfg = Debug|Any CPU
		{95EF1A33-CF11-2E86-3EBC-925B411A5F58}.Debug|Any CPU.Build.0 = Debug|Any CPU
		{95EF1A33-CF11-2E86-3EBC-925B411A5F58}.Release|Any CPU.ActiveCfg = Release|Any CPU
		{95EF1A33-CF11-2E86-3EBC-925B411A5F58}.Release|Any CPU.Build.0 = Release|Any CPU
		{5F862E42-1FE8-C6C9-1100-D7C9CD99741C}.Debug|Any CPU.ActiveCfg = Debug|Any CPU
		{5F862E42-1FE8-C6C9-1100-D7C9CD99741C}.Debug|Any CPU.Build.0 = Debug|Any CPU
		{5F862E42-1FE8-C6C9-1100-D7C9CD99741C}.Release|Any CPU.ActiveCfg = Release|Any CPU
		{5F862E42-1FE8-C6C9-1100-D7C9CD99741C}.Release|Any CPU.Build.0 = Release|Any CPU
		{5156D614-06E0-D61F-56E6-2689FE31CE9D}.Debug|Any CPU.ActiveCfg = Debug|Any CPU
		{5156D614-06E0-D61F-56E6-2689FE31CE9D}.Debug|Any CPU.Build.0 = Debug|Any CPU
		{5156D614-06E0-D61F-56E6-2689FE31CE9D}.Release|Any CPU.ActiveCfg = Release|Any CPU
		{5156D614-06E0-D61F-56E6-2689FE31CE9D}.Release|Any CPU.Build.0 = Release|Any CPU
		{0E9564F0-4EF6-EA00-308E-902DFDFA7B1F}.Debug|Any CPU.ActiveCfg = Debug|Any CPU
		{0E9564F0-4EF6-EA00-308E-902DFDFA7B1F}.Debug|Any CPU.Build.0 = Debug|Any CPU
		{0E9564F0-4EF6-EA00-308E-902DFDFA7B1F}.Release|Any CPU.ActiveCfg = Release|Any CPU
		{0E9564F0-4EF6-EA00-308E-902DFDFA7B1F}.Release|Any CPU.Build.0 = Release|Any CPU
		{2FC2DA85-48D0-2539-DE83-AAA90B745C56}.Debug|Any CPU.ActiveCfg = Debug|Any CPU
		{2FC2DA85-48D0-2539-DE83-AAA90B745C56}.Debug|Any CPU.Build.0 = Debug|Any CPU
		{2FC2DA85-48D0-2539-DE83-AAA90B745C56}.Release|Any CPU.ActiveCfg = Release|Any CPU
		{2FC2DA85-48D0-2539-DE83-AAA90B745C56}.Release|Any CPU.Build.0 = Release|Any CPU
		{527241B7-F883-317E-DD27-4D6761CCBBF0}.Debug|Any CPU.ActiveCfg = Debug|Any CPU
		{527241B7-F883-317E-DD27-4D6761CCBBF0}.Debug|Any CPU.Build.0 = Debug|Any CPU
		{527241B7-F883-317E-DD27-4D6761CCBBF0}.Release|Any CPU.ActiveCfg = Release|Any CPU
		{527241B7-F883-317E-DD27-4D6761CCBBF0}.Release|Any CPU.Build.0 = Release|Any CPU
		{8D5C5FA2-FBA7-6B21-99A6-F5D4637FDEF1}.Debug|Any CPU.ActiveCfg = Debug|Any CPU
		{8D5C5FA2-FBA7-6B21-99A6-F5D4637FDEF1}.Debug|Any CPU.Build.0 = Debug|Any CPU
		{8D5C5FA2-FBA7-6B21-99A6-F5D4637FDEF1}.Release|Any CPU.ActiveCfg = Release|Any CPU
		{8D5C5FA2-FBA7-6B21-99A6-F5D4637FDEF1}.Release|Any CPU.Build.0 = Release|Any CPU
	EndGlobalSection
	GlobalSection(SolutionProperties) = preSolution
		HideSolutionNode = FALSE
	EndGlobalSection
EndGlobal
