
Microsoft Visual Studio Solution File, Format Version 12.00
# Visual Studio 15
Project("{FAE04EC0-301F-11D3-BF4B-00C04F79EFBC}") = "Unity.Services.Core.Telemetry", "Unity.Services.Core.Telemetry.csproj", "{486AB153-2304-2D86-4E46-80E29233D8E5}"
EndProject
Project("{FAE04EC0-301F-11D3-BF4B-00C04F79EFBC}") = "UnityEngine.TestRunner", "UnityEngine.TestRunner.csproj", "{01CB8983-3CB1-9F7C-CDFC-033FC1C4E1E2}"
EndProject
Project("{FAE04EC0-301F-11D3-BF4B-00C04F79EFBC}") = "UnityEngine.XR.LegacyInputHelpers", "UnityEngine.XR.LegacyInputHelpers.csproj", "{BFCC674F-860D-A7EC-E70D-6B32D5C725CB}"
EndProject
Project("{FAE04EC0-301F-11D3-BF4B-00C04F79EFBC}") = "Unity.Services.Core.Internal", "Unity.Services.Core.Internal.csproj", "{7E80E3F1-F000-BCE0-E661-E0E86EB12C9C}"
EndProject
Project("{FAE04EC0-301F-11D3-BF4B-00C04F79EFBC}") = "Unity.Timeline", "Unity.Timeline.csproj", "{AEA18A1B-2937-6016-53CA-2E9BCFB89C5D}"
EndProject
Project("{FAE04EC0-301F-11D3-BF4B-00C04F79EFBC}") = "UnityEngine.Purchasing.WinRTCore", "UnityEngine.Purchasing.WinRTCore.csproj", "{62B87447-357F-79FF-7CC0-7DF129818117}"
EndProject
Project("{FAE04EC0-301F-11D3-BF4B-00C04F79EFBC}") = "UnityEngine.Monetization", "UnityEngine.Monetization.csproj", "{E4C7C3FE-6E9D-8DC2-1F12-3C11349A671F}"
EndProject
Project("{FAE04EC0-301F-11D3-BF4B-00C04F79EFBC}") = "UnityEngine.Purchasing.SecurityCore", "UnityEngine.Purchasing.SecurityCore.csproj", "{6FA15CF3-6B2D-1773-486C-F728ACB4F6CD}"
EndProject
Project("{FAE04EC0-301F-11D3-BF4B-00C04F79EFBC}") = "Unity.TextMeshPro", "Unity.TextMeshPro.csproj", "{5CAE95A1-6F22-61EB-3700-EF78F3FF31CA}"
EndProject
Project("{FAE04EC0-301F-11D3-BF4B-00C04F79EFBC}") = "UnityEngine.Purchasing", "UnityEngine.Purchasing.csproj", "{04A71996-9DA9-E365-AD32-AD464E63E9E3}"
EndProject
Project("{FAE04EC0-301F-11D3-BF4B-00C04F79EFBC}") = "UnityEngine.Purchasing.AppleCore", "UnityEngine.Purchasing.AppleCore.csproj", "{E5C7AE32-379B-E222-E967-02D60B2F8EEE}"
EndProject
Project("{FAE04EC0-301F-11D3-BF4B-00C04F79EFBC}") = "Unity.Services.Core.Environments.Internal", "Unity.Services.Core.Environments.Internal.csproj", "{E42AE420-B1D7-87A4-CF23-1A74A8F45BE9}"
EndProject
Project("{FAE04EC0-301F-11D3-BF4B-00C04F79EFBC}") = "UnityEngine.Purchasing.Stores", "UnityEngine.Purchasing.Stores.csproj", "{82398447-E838-40C5-4E12-8C73727F9D97}"
EndProject
Project("{FAE04EC0-301F-11D3-BF4B-00C04F79EFBC}") = "UnityEngine.Advertisements", "UnityEngine.Advertisements.csproj", "{2B0A230F-20B5-7F24-B7EF-965C0149C7BB}"
EndProject
Project("{FAE04EC0-301F-11D3-BF4B-00C04F79EFBC}") = "Unity.Services.Core.Configuration", "Unity.Services.Core.Configuration.csproj", "{2787ECCC-AC21-7191-5DCE-A802762A2377}"
EndProject
Project("{FAE04EC0-301F-11D3-BF4B-00C04F79EFBC}") = "Unity.Services.Core", "Unity.Services.Core.csproj", "{EA2AD4DC-7F3A-37DA-5FE3-C07CC5F8A7D9}"
EndProject
Project("{FAE04EC0-301F-11D3-BF4B-00C04F79EFBC}") = "Unity.Services.Core.Environments", "Unity.Services.Core.Environments.csproj", "{485F1A23-9A48-025D-0AF9-ABB5564B7F86}"
EndProject
Project("{FAE04EC0-301F-11D3-BF4B-00C04F79EFBC}") = "Unity.Services.Core.Networking", "Unity.Services.Core.Networking.csproj", "{C3080821-252A-C925-765F-A01061609CF7}"
EndProject
Project("{FAE04EC0-301F-11D3-BF4B-00C04F79EFBC}") = "Assembly-CSharp", "Assembly-CSharp.csproj", "{7E43F935-94B7-442D-832F-116DBDCD89EA}"
EndProject
Project("{FAE04EC0-301F-11D3-BF4B-00C04F79EFBC}") = "UnityEngine.Purchasing.SecurityStub", "UnityEngine.Purchasing.SecurityStub.csproj", "{82B7944B-8852-79F1-2564-55027D982E1C}"
EndProject
Project("{FAE04EC0-301F-11D3-BF4B-00C04F79EFBC}") = "Unity.Services.Core.Analytics", "Unity.Services.Core.Analytics.csproj", "{AC7988FF-95D2-615E-AA49-AEF0982AEAE5}"
EndProject
Project("{FAE04EC0-301F-11D3-BF4B-00C04F79EFBC}") = "Purchasing.Common", "Purchasing.Common.csproj", "{D2EB738E-95AF-288E-F680-401FDA3CA8A0}"
EndProject
Project("{FAE04EC0-301F-11D3-BF4B-00C04F79EFBC}") = "Unity.Services.Core.Scheduler", "Unity.Services.Core.Scheduler.csproj", "{FB0D1480-C4B5-A527-94BC-4B7D8300BDFE}"
EndProject
Project("{FAE04EC0-301F-11D3-BF4B-00C04F79EFBC}") = "UnityEngine.Purchasing.Codeless", "UnityEngine.Purchasing.Codeless.csproj", "{CE8C82B7-F20B-6F7C-4B79-1AE04DFD0EA6}"
EndProject
Project("{FAE04EC0-301F-11D3-BF4B-00C04F79EFBC}") = "Unity.Services.Core.Registration", "Unity.Services.Core.Registration.csproj", "{3E442A89-62B8-C83D-A268-08603CCF1A67}"
EndProject
Project("{FAE04EC0-301F-11D3-BF4B-00C04F79EFBC}") = "Unity.Services.Core.Device", "Unity.Services.Core.Device.csproj", "{D2292DC9-5EBC-1B3A-C89D-02571700AA07}"
EndProject
Project("{FAE04EC0-301F-11D3-BF4B-00C04F79EFBC}") = "UnityEngine.Purchasing.WinRTStub", "UnityEngine.Purchasing.WinRTStub.csproj", "{061D5E80-8AB2-F1A8-7C94-E0351715D3B2}"
EndProject
Project("{FAE04EC0-301F-11D3-BF4B-00C04F79EFBC}") = "Unity.Services.Core.Threading", "Unity.Services.Core.Threading.csproj", "{DBBDFDA5-37BD-5E98-6842-7A963CF56A5F}"
EndProject
Project("{FAE04EC0-301F-11D3-BF4B-00C04F79EFBC}") = "UnityEngine.Purchasing.AppleStub", "UnityEngine.Purchasing.AppleStub.csproj", "{FE6616FD-14C0-AA18-9F97-97EE382DF45A}"
EndProject
Project("{FAE04EC0-301F-11D3-BF4B-00C04F79EFBC}") = "UnityEngine.Purchasing.AppleMacosStub", "UnityEngine.Purchasing.AppleMacosStub.csproj", "{F2E20F7B-5506-EB32-D0D4-2F9489AEBFF5}"
EndProject
Project("{FAE04EC0-301F-11D3-BF4B-00C04F79EFBC}") = "UnityEngine.SpatialTracking", "UnityEngine.SpatialTracking.csproj", "{E444E5EC-62A4-B538-FB98-FD1EA5FD74C0}"
EndProject
Project("{FAE04EC0-301F-11D3-BF4B-00C04F79EFBC}") = "Unity.Analytics.DataPrivacy", "Unity.Analytics.DataPrivacy.csproj", "{68A5F669-D2A5-0F50-751D-7A12DFF7ED2C}"
EndProject
Project("{FAE04EC0-301F-11D3-BF4B-00C04F79EFBC}") = "UnityEditor.TestRunner", "UnityEditor.TestRunner.csproj", "{85E6F0E6-82E7-02AB-8DB9-A5ADD2837F9C}"
EndProject
Project("{FAE04EC0-301F-11D3-BF4B-00C04F79EFBC}") = "Unity.PlasticSCM.Editor", "Unity.PlasticSCM.Editor.csproj", "{45B2A968-4446-EC8E-16E5-C2E6B6DD07EE}"
EndProject
Project("{FAE04EC0-301F-11D3-BF4B-00C04F79EFBC}") = "Unity.Timeline.Editor", "Unity.Timeline.Editor.csproj", "{49B3E876-F70B-031D-1323-6C94A2404B19}"
EndProject
Project("{FAE04EC0-301F-11D3-BF4B-00C04F79EFBC}") = "Unity.VisualStudio.Editor", "Unity.VisualStudio.Editor.csproj", "{99608AC9-E13B-229D-8F31-419FD8DFD915}"
EndProject
Project("{FAE04EC0-301F-11D3-BF4B-00C04F79EFBC}") = "UnityEngine.Advertisements.Editor", "UnityEngine.Advertisements.Editor.csproj", "{C68AC46A-A90C-C6E2-CA61-7811146CEFDB}"
EndProject
Project("{FAE04EC0-301F-11D3-BF4B-00C04F79EFBC}") = "Unity.TextMeshPro.Editor", "Unity.TextMeshPro.Editor.csproj", "{7E980B71-A84F-7C9B-15CE-695CE5BC1C6D}"
EndProject
Project("{FAE04EC0-301F-11D3-BF4B-00C04F79EFBC}") = "Unity.CollabProxy.Editor", "Unity.CollabProxy.Editor.csproj", "{F858C51C-B026-040C-D229-61E9DF17C342}"
EndProject
Project("{FAE04EC0-301F-11D3-BF4B-00C04F79EFBC}") = "UnityEditor.Purchasing", "UnityEditor.Purchasing.csproj", "{AE55AB1D-AB55-0AEA-1905-F12FFF1D9CE5}"
EndProject
Project("{FAE04EC0-301F-11D3-BF4B-00C04F79EFBC}") = "Unity.Services.Core.Editor", "Unity.Services.Core.Editor.csproj", "{F47B1EF5-0771-8213-7B83-C89C3A024C7D}"
EndProject
Project("{FAE04EC0-301F-11D3-BF4B-00C04F79EFBC}") = "Unity.Rider.Editor", "Unity.Rider.Editor.csproj", "{16BF80D5-E6F6-3840-2D1B-FD7CA85649CD}"
EndProject
Project("{FAE04EC0-301F-11D3-BF4B-00C04F79EFBC}") = "UnityEngine.Advertisements.DevX.Editor", "UnityEngine.Advertisements.DevX.Editor.csproj", "{4D8B71F7-ABF1-71CD-020A-9ED340B7EFA2}"
EndProject
Project("{FAE04EC0-301F-11D3-BF4B-00C04F79EFBC}") = "UnityEditor.XR.LegacyInputHelpers", "UnityEditor.XR.LegacyInputHelpers.csproj", "{F852E019-2027-40D4-BAB5-12D1091FA15E}"
EndProject
Project("{FAE04EC0-301F-11D3-BF4B-00C04F79EFBC}") = "Unity.VSCode.Editor", "Unity.VSCode.Editor.csproj", "{E77943A8-624B-A778-C01F-FD598E7C1809}"
EndProject
Project("{FAE04EC0-301F-11D3-BF4B-00C04F79EFBC}") = "Unity.Services.Core.Configuration.Editor", "Unity.Services.Core.Configuration.Editor.csproj", "{EF1FC99B-52BF-7E43-B13F-7223A6319871}"
EndProject
Project("{FAE04EC0-301F-11D3-BF4B-00C04F79EFBC}") = "UnityEditor.SpatialTracking", "UnityEditor.SpatialTracking.csproj", "{47FF86F2-3A68-32A1-1170-A810EE7DCFA7}"
EndProject
Project("{FAE04EC0-301F-11D3-BF4B-00C04F79EFBC}") = "Analytics", "Analytics.csproj", "{79FC94C0-50FF-A178-BCB6-46E8BD45AF4D}"
EndProject
Project("{FAE04EC0-301F-11D3-BF4B-00C04F79EFBC}") = "Assembly-CSharp-Editor", "Assembly-CSharp-Editor.csproj", "{2FF9EFB9-C6AD-EE9B-CA7A-1D57B1A8075D}"
EndProject
Global
	GlobalSection(SolutionConfigurationPlatforms) = preSolution
		Debug|Any CPU = Debug|Any CPU
		Release|Any CPU = Release|Any CPU
	EndGlobalSection
	GlobalSection(ProjectConfigurationPlatforms) = postSolution
		{486AB153-2304-2D86-4E46-80E29233D8E5}.Debug|Any CPU.ActiveCfg = Debug|Any CPU
		{486AB153-2304-2D86-4E46-80E29233D8E5}.Debug|Any CPU.Build.0 = Debug|Any CPU
		{486AB153-2304-2D86-4E46-80E29233D8E5}.Release|Any CPU.ActiveCfg = Release|Any CPU
		{486AB153-2304-2D86-4E46-80E29233D8E5}.Release|Any CPU.Build.0 = Release|Any CPU
		{01CB8983-3CB1-9F7C-CDFC-033FC1C4E1E2}.Debug|Any CPU.ActiveCfg = Debug|Any CPU
		{01CB8983-3CB1-9F7C-CDFC-033FC1C4E1E2}.Debug|Any CPU.Build.0 = Debug|Any CPU
		{01CB8983-3CB1-9F7C-CDFC-033FC1C4E1E2}.Release|Any CPU.ActiveCfg = Release|Any CPU
		{01CB8983-3CB1-9F7C-CDFC-033FC1C4E1E2}.Release|Any CPU.Build.0 = Release|Any CPU
		{BFCC674F-860D-A7EC-E70D-6B32D5C725CB}.Debug|Any CPU.ActiveCfg = Debug|Any CPU
		{BFCC674F-860D-A7EC-E70D-6B32D5C725CB}.Debug|Any CPU.Build.0 = Debug|Any CPU
		{BFCC674F-860D-A7EC-E70D-6B32D5C725CB}.Release|Any CPU.ActiveCfg = Release|Any CPU
		{BFCC674F-860D-A7EC-E70D-6B32D5C725CB}.Release|Any CPU.Build.0 = Release|Any CPU
		{7E80E3F1-F000-BCE0-E661-E0E86EB12C9C}.Debug|Any CPU.ActiveCfg = Debug|Any CPU
		{7E80E3F1-F000-BCE0-E661-E0E86EB12C9C}.Debug|Any CPU.Build.0 = Debug|Any CPU
		{7E80E3F1-F000-BCE0-E661-E0E86EB12C9C}.Release|Any CPU.ActiveCfg = Release|Any CPU
		{7E80E3F1-F000-BCE0-E661-E0E86EB12C9C}.Release|Any CPU.Build.0 = Release|Any CPU
		{AEA18A1B-2937-6016-53CA-2E9BCFB89C5D}.Debug|Any CPU.ActiveCfg = Debug|Any CPU
		{AEA18A1B-2937-6016-53CA-2E9BCFB89C5D}.Debug|Any CPU.Build.0 = Debug|Any CPU
		{AEA18A1B-2937-6016-53CA-2E9BCFB89C5D}.Release|Any CPU.ActiveCfg = Release|Any CPU
		{AEA18A1B-2937-6016-53CA-2E9BCFB89C5D}.Release|Any CPU.Build.0 = Release|Any CPU
		{62B87447-357F-79FF-7CC0-7DF129818117}.Debug|Any CPU.ActiveCfg = Debug|Any CPU
		{62B87447-357F-79FF-7CC0-7DF129818117}.Debug|Any CPU.Build.0 = Debug|Any CPU
		{62B87447-357F-79FF-7CC0-7DF129818117}.Release|Any CPU.ActiveCfg = Release|Any CPU
		{62B87447-357F-79FF-7CC0-7DF129818117}.Release|Any CPU.Build.0 = Release|Any CPU
		{E4C7C3FE-6E9D-8DC2-1F12-3C11349A671F}.Debug|Any CPU.ActiveCfg = Debug|Any CPU
		{E4C7C3FE-6E9D-8DC2-1F12-3C11349A671F}.Debug|Any CPU.Build.0 = Debug|Any CPU
		{E4C7C3FE-6E9D-8DC2-1F12-3C11349A671F}.Release|Any CPU.ActiveCfg = Release|Any CPU
		{E4C7C3FE-6E9D-8DC2-1F12-3C11349A671F}.Release|Any CPU.Build.0 = Release|Any CPU
		{6FA15CF3-6B2D-1773-486C-F728ACB4F6CD}.Debug|Any CPU.ActiveCfg = Debug|Any CPU
		{6FA15CF3-6B2D-1773-486C-F728ACB4F6CD}.Debug|Any CPU.Build.0 = Debug|Any CPU
		{6FA15CF3-6B2D-1773-486C-F728ACB4F6CD}.Release|Any CPU.ActiveCfg = Release|Any CPU
		{6FA15CF3-6B2D-1773-486C-F728ACB4F6CD}.Release|Any CPU.Build.0 = Release|Any CPU
		{5CAE95A1-6F22-61EB-3700-EF78F3FF31CA}.Debug|Any CPU.ActiveCfg = Debug|Any CPU
		{5CAE95A1-6F22-61EB-3700-EF78F3FF31CA}.Debug|Any CPU.Build.0 = Debug|Any CPU
		{5CAE95A1-6F22-61EB-3700-EF78F3FF31CA}.Release|Any CPU.ActiveCfg = Release|Any CPU
		{5CAE95A1-6F22-61EB-3700-EF78F3FF31CA}.Release|Any CPU.Build.0 = Release|Any CPU
		{04A71996-9DA9-E365-AD32-AD464E63E9E3}.Debug|Any CPU.ActiveCfg = Debug|Any CPU
		{04A71996-9DA9-E365-AD32-AD464E63E9E3}.Debug|Any CPU.Build.0 = Debug|Any CPU
		{04A71996-9DA9-E365-AD32-AD464E63E9E3}.Release|Any CPU.ActiveCfg = Release|Any CPU
		{04A71996-9DA9-E365-AD32-AD464E63E9E3}.Release|Any CPU.Build.0 = Release|Any CPU
		{E5C7AE32-379B-E222-E967-02D60B2F8EEE}.Debug|Any CPU.ActiveCfg = Debug|Any CPU
		{E5C7AE32-379B-E222-E967-02D60B2F8EEE}.Debug|Any CPU.Build.0 = Debug|Any CPU
		{E5C7AE32-379B-E222-E967-02D60B2F8EEE}.Release|Any CPU.ActiveCfg = Release|Any CPU
		{E5C7AE32-379B-E222-E967-02D60B2F8EEE}.Release|Any CPU.Build.0 = Release|Any CPU
		{E42AE420-B1D7-87A4-CF23-1A74A8F45BE9}.Debug|Any CPU.ActiveCfg = Debug|Any CPU
		{E42AE420-B1D7-87A4-CF23-1A74A8F45BE9}.Debug|Any CPU.Build.0 = Debug|Any CPU
		{E42AE420-B1D7-87A4-CF23-1A74A8F45BE9}.Release|Any CPU.ActiveCfg = Release|Any CPU
		{E42AE420-B1D7-87A4-CF23-1A74A8F45BE9}.Release|Any CPU.Build.0 = Release|Any CPU
		{82398447-E838-40C5-4E12-8C73727F9D97}.Debug|Any CPU.ActiveCfg = Debug|Any CPU
		{82398447-E838-40C5-4E12-8C73727F9D97}.Debug|Any CPU.Build.0 = Debug|Any CPU
		{82398447-E838-40C5-4E12-8C73727F9D97}.Release|Any CPU.ActiveCfg = Release|Any CPU
		{82398447-E838-40C5-4E12-8C73727F9D97}.Release|Any CPU.Build.0 = Release|Any CPU
		{2B0A230F-20B5-7F24-B7EF-965C0149C7BB}.Debug|Any CPU.ActiveCfg = Debug|Any CPU
		{2B0A230F-20B5-7F24-B7EF-965C0149C7BB}.Debug|Any CPU.Build.0 = Debug|Any CPU
		{2B0A230F-20B5-7F24-B7EF-965C0149C7BB}.Release|Any CPU.ActiveCfg = Release|Any CPU
		{2B0A230F-20B5-7F24-B7EF-965C0149C7BB}.Release|Any CPU.Build.0 = Release|Any CPU
		{2787ECCC-AC21-7191-5DCE-A802762A2377}.Debug|Any CPU.ActiveCfg = Debug|Any CPU
		{2787ECCC-AC21-7191-5DCE-A802762A2377}.Debug|Any CPU.Build.0 = Debug|Any CPU
		{2787ECCC-AC21-7191-5DCE-A802762A2377}.Release|Any CPU.ActiveCfg = Release|Any CPU
		{2787ECCC-AC21-7191-5DCE-A802762A2377}.Release|Any CPU.Build.0 = Release|Any CPU
		{EA2AD4DC-7F3A-37DA-5FE3-C07CC5F8A7D9}.Debug|Any CPU.ActiveCfg = Debug|Any CPU
		{EA2AD4DC-7F3A-37DA-5FE3-C07CC5F8A7D9}.Debug|Any CPU.Build.0 = Debug|Any CPU
		{EA2AD4DC-7F3A-37DA-5FE3-C07CC5F8A7D9}.Release|Any CPU.ActiveCfg = Release|Any CPU
		{EA2AD4DC-7F3A-37DA-5FE3-C07CC5F8A7D9}.Release|Any CPU.Build.0 = Release|Any CPU
		{485F1A23-9A48-025D-0AF9-ABB5564B7F86}.Debug|Any CPU.ActiveCfg = Debug|Any CPU
		{485F1A23-9A48-025D-0AF9-ABB5564B7F86}.Debug|Any CPU.Build.0 = Debug|Any CPU
		{485F1A23-9A48-025D-0AF9-ABB5564B7F86}.Release|Any CPU.ActiveCfg = Release|Any CPU
		{485F1A23-9A48-025D-0AF9-ABB5564B7F86}.Release|Any CPU.Build.0 = Release|Any CPU
		{C3080821-252A-C925-765F-A01061609CF7}.Debug|Any CPU.ActiveCfg = Debug|Any CPU
		{C3080821-252A-C925-765F-A01061609CF7}.Debug|Any CPU.Build.0 = Debug|Any CPU
		{C3080821-252A-C925-765F-A01061609CF7}.Release|Any CPU.ActiveCfg = Release|Any CPU
		{C3080821-252A-C925-765F-A01061609CF7}.Release|Any CPU.Build.0 = Release|Any CPU
		{7E43F935-94B7-442D-832F-116DBDCD89EA}.Debug|Any CPU.ActiveCfg = Debug|Any CPU
		{7E43F935-94B7-442D-832F-116DBDCD89EA}.Debug|Any CPU.Build.0 = Debug|Any CPU
		{7E43F935-94B7-442D-832F-116DBDCD89EA}.Release|Any CPU.ActiveCfg = Release|Any CPU
		{7E43F935-94B7-442D-832F-116DBDCD89EA}.Release|Any CPU.Build.0 = Release|Any CPU
		{82B7944B-8852-79F1-2564-55027D982E1C}.Debug|Any CPU.ActiveCfg = Debug|Any CPU
		{82B7944B-8852-79F1-2564-55027D982E1C}.Debug|Any CPU.Build.0 = Debug|Any CPU
		{82B7944B-8852-79F1-2564-55027D982E1C}.Release|Any CPU.ActiveCfg = Release|Any CPU
		{82B7944B-8852-79F1-2564-55027D982E1C}.Release|Any CPU.Build.0 = Release|Any CPU
		{AC7988FF-95D2-615E-AA49-AEF0982AEAE5}.Debug|Any CPU.ActiveCfg = Debug|Any CPU
		{AC7988FF-95D2-615E-AA49-AEF0982AEAE5}.Debug|Any CPU.Build.0 = Debug|Any CPU
		{AC7988FF-95D2-615E-AA49-AEF0982AEAE5}.Release|Any CPU.ActiveCfg = Release|Any CPU
		{AC7988FF-95D2-615E-AA49-AEF0982AEAE5}.Release|Any CPU.Build.0 = Release|Any CPU
		{D2EB738E-95AF-288E-F680-401FDA3CA8A0}.Debug|Any CPU.ActiveCfg = Debug|Any CPU
		{D2EB738E-95AF-288E-F680-401FDA3CA8A0}.Debug|Any CPU.Build.0 = Debug|Any CPU
		{D2EB738E-95AF-288E-F680-401FDA3CA8A0}.Release|Any CPU.ActiveCfg = Release|Any CPU
		{D2EB738E-95AF-288E-F680-401FDA3CA8A0}.Release|Any CPU.Build.0 = Release|Any CPU
		{FB0D1480-C4B5-A527-94BC-4B7D8300BDFE}.Debug|Any CPU.ActiveCfg = Debug|Any CPU
		{FB0D1480-C4B5-A527-94BC-4B7D8300BDFE}.Debug|Any CPU.Build.0 = Debug|Any CPU
		{FB0D1480-C4B5-A527-94BC-4B7D8300BDFE}.Release|Any CPU.ActiveCfg = Release|Any CPU
		{FB0D1480-C4B5-A527-94BC-4B7D8300BDFE}.Release|Any CPU.Build.0 = Release|Any CPU
		{CE8C82B7-F20B-6F7C-4B79-1AE04DFD0EA6}.Debug|Any CPU.ActiveCfg = Debug|Any CPU
		{CE8C82B7-F20B-6F7C-4B79-1AE04DFD0EA6}.Debug|Any CPU.Build.0 = Debug|Any CPU
		{CE8C82B7-F20B-6F7C-4B79-1AE04DFD0EA6}.Release|Any CPU.ActiveCfg = Release|Any CPU
		{CE8C82B7-F20B-6F7C-4B79-1AE04DFD0EA6}.Release|Any CPU.Build.0 = Release|Any CPU
		{3E442A89-62B8-C83D-A268-08603CCF1A67}.Debug|Any CPU.ActiveCfg = Debug|Any CPU
		{3E442A89-62B8-C83D-A268-08603CCF1A67}.Debug|Any CPU.Build.0 = Debug|Any CPU
		{3E442A89-62B8-C83D-A268-08603CCF1A67}.Release|Any CPU.ActiveCfg = Release|Any CPU
		{3E442A89-62B8-C83D-A268-08603CCF1A67}.Release|Any CPU.Build.0 = Release|Any CPU
		{D2292DC9-5EBC-1B3A-C89D-02571700AA07}.Debug|Any CPU.ActiveCfg = Debug|Any CPU
		{D2292DC9-5EBC-1B3A-C89D-02571700AA07}.Debug|Any CPU.Build.0 = Debug|Any CPU
		{D2292DC9-5EBC-1B3A-C89D-02571700AA07}.Release|Any CPU.ActiveCfg = Release|Any CPU
		{D2292DC9-5EBC-1B3A-C89D-02571700AA07}.Release|Any CPU.Build.0 = Release|Any CPU
		{061D5E80-8AB2-F1A8-7C94-E0351715D3B2}.Debug|Any CPU.ActiveCfg = Debug|Any CPU
		{061D5E80-8AB2-F1A8-7C94-E0351715D3B2}.Debug|Any CPU.Build.0 = Debug|Any CPU
		{061D5E80-8AB2-F1A8-7C94-E0351715D3B2}.Release|Any CPU.ActiveCfg = Release|Any CPU
		{061D5E80-8AB2-F1A8-7C94-E0351715D3B2}.Release|Any CPU.Build.0 = Release|Any CPU
		{DBBDFDA5-37BD-5E98-6842-7A963CF56A5F}.Debug|Any CPU.ActiveCfg = Debug|Any CPU
		{DBBDFDA5-37BD-5E98-6842-7A963CF56A5F}.Debug|Any CPU.Build.0 = Debug|Any CPU
		{DBBDFDA5-37BD-5E98-6842-7A963CF56A5F}.Release|Any CPU.ActiveCfg = Release|Any CPU
		{DBBDFDA5-37BD-5E98-6842-7A963CF56A5F}.Release|Any CPU.Build.0 = Release|Any CPU
		{FE6616FD-14C0-AA18-9F97-97EE382DF45A}.Debug|Any CPU.ActiveCfg = Debug|Any CPU
		{FE6616FD-14C0-AA18-9F97-97EE382DF45A}.Debug|Any CPU.Build.0 = Debug|Any CPU
		{FE6616FD-14C0-AA18-9F97-97EE382DF45A}.Release|Any CPU.ActiveCfg = Release|Any CPU
		{FE6616FD-14C0-AA18-9F97-97EE382DF45A}.Release|Any CPU.Build.0 = Release|Any CPU
		{F2E20F7B-5506-EB32-D0D4-2F9489AEBFF5}.Debug|Any CPU.ActiveCfg = Debug|Any CPU
		{F2E20F7B-5506-EB32-D0D4-2F9489AEBFF5}.Debug|Any CPU.Build.0 = Debug|Any CPU
		{F2E20F7B-5506-EB32-D0D4-2F9489AEBFF5}.Release|Any CPU.ActiveCfg = Release|Any CPU
		{F2E20F7B-5506-EB32-D0D4-2F9489AEBFF5}.Release|Any CPU.Build.0 = Release|Any CPU
		{E444E5EC-62A4-B538-FB98-FD1EA5FD74C0}.Debug|Any CPU.ActiveCfg = Debug|Any CPU
		{E444E5EC-62A4-B538-FB98-FD1EA5FD74C0}.Debug|Any CPU.Build.0 = Debug|Any CPU
		{E444E5EC-62A4-B538-FB98-FD1EA5FD74C0}.Release|Any CPU.ActiveCfg = Release|Any CPU
		{E444E5EC-62A4-B538-FB98-FD1EA5FD74C0}.Release|Any CPU.Build.0 = Release|Any CPU
		{68A5F669-D2A5-0F50-751D-7A12DFF7ED2C}.Debug|Any CPU.ActiveCfg = Debug|Any CPU
		{68A5F669-D2A5-0F50-751D-7A12DFF7ED2C}.Debug|Any CPU.Build.0 = Debug|Any CPU
		{68A5F669-D2A5-0F50-751D-7A12DFF7ED2C}.Release|Any CPU.ActiveCfg = Release|Any CPU
		{68A5F669-D2A5-0F50-751D-7A12DFF7ED2C}.Release|Any CPU.Build.0 = Release|Any CPU
		{85E6F0E6-82E7-02AB-8DB9-A5ADD2837F9C}.Debug|Any CPU.ActiveCfg = Debug|Any CPU
		{85E6F0E6-82E7-02AB-8DB9-A5ADD2837F9C}.Debug|Any CPU.Build.0 = Debug|Any CPU
		{85E6F0E6-82E7-02AB-8DB9-A5ADD2837F9C}.Release|Any CPU.ActiveCfg = Release|Any CPU
		{85E6F0E6-82E7-02AB-8DB9-A5ADD2837F9C}.Release|Any CPU.Build.0 = Release|Any CPU
		{45B2A968-4446-EC8E-16E5-C2E6B6DD07EE}.Debug|Any CPU.ActiveCfg = Debug|Any CPU
		{45B2A968-4446-EC8E-16E5-C2E6B6DD07EE}.Debug|Any CPU.Build.0 = Debug|Any CPU
		{45B2A968-4446-EC8E-16E5-C2E6B6DD07EE}.Release|Any CPU.ActiveCfg = Release|Any CPU
		{45B2A968-4446-EC8E-16E5-C2E6B6DD07EE}.Release|Any CPU.Build.0 = Release|Any CPU
		{49B3E876-F70B-031D-1323-6C94A2404B19}.Debug|Any CPU.ActiveCfg = Debug|Any CPU
		{49B3E876-F70B-031D-1323-6C94A2404B19}.Debug|Any CPU.Build.0 = Debug|Any CPU
		{49B3E876-F70B-031D-1323-6C94A2404B19}.Release|Any CPU.ActiveCfg = Release|Any CPU
		{49B3E876-F70B-031D-1323-6C94A2404B19}.Release|Any CPU.Build.0 = Release|Any CPU
		{99608AC9-E13B-229D-8F31-419FD8DFD915}.Debug|Any CPU.ActiveCfg = Debug|Any CPU
		{99608AC9-E13B-229D-8F31-419FD8DFD915}.Debug|Any CPU.Build.0 = Debug|Any CPU
		{99608AC9-E13B-229D-8F31-419FD8DFD915}.Release|Any CPU.ActiveCfg = Release|Any CPU
		{99608AC9-E13B-229D-8F31-419FD8DFD915}.Release|Any CPU.Build.0 = Release|Any CPU
		{C68AC46A-A90C-C6E2-CA61-7811146CEFDB}.Debug|Any CPU.ActiveCfg = Debug|Any CPU
		{C68AC46A-A90C-C6E2-CA61-7811146CEFDB}.Debug|Any CPU.Build.0 = Debug|Any CPU
		{C68AC46A-A90C-C6E2-CA61-7811146CEFDB}.Release|Any CPU.ActiveCfg = Release|Any CPU
		{C68AC46A-A90C-C6E2-CA61-7811146CEFDB}.Release|Any CPU.Build.0 = Release|Any CPU
		{7E980B71-A84F-7C9B-15CE-695CE5BC1C6D}.Debug|Any CPU.ActiveCfg = Debug|Any CPU
		{7E980B71-A84F-7C9B-15CE-695CE5BC1C6D}.Debug|Any CPU.Build.0 = Debug|Any CPU
		{7E980B71-A84F-7C9B-15CE-695CE5BC1C6D}.Release|Any CPU.ActiveCfg = Release|Any CPU
		{7E980B71-A84F-7C9B-15CE-695CE5BC1C6D}.Release|Any CPU.Build.0 = Release|Any CPU
		{F858C51C-B026-040C-D229-61E9DF17C342}.Debug|Any CPU.ActiveCfg = Debug|Any CPU
		{F858C51C-B026-040C-D229-61E9DF17C342}.Debug|Any CPU.Build.0 = Debug|Any CPU
		{F858C51C-B026-040C-D229-61E9DF17C342}.Release|Any CPU.ActiveCfg = Release|Any CPU
		{F858C51C-B026-040C-D229-61E9DF17C342}.Release|Any CPU.Build.0 = Release|Any CPU
		{AE55AB1D-AB55-0AEA-1905-F12FFF1D9CE5}.Debug|Any CPU.ActiveCfg = Debug|Any CPU
		{AE55AB1D-AB55-0AEA-1905-F12FFF1D9CE5}.Debug|Any CPU.Build.0 = Debug|Any CPU
		{AE55AB1D-AB55-0AEA-1905-F12FFF1D9CE5}.Release|Any CPU.ActiveCfg = Release|Any CPU
		{AE55AB1D-AB55-0AEA-1905-F12FFF1D9CE5}.Release|Any CPU.Build.0 = Release|Any CPU
		{F47B1EF5-0771-8213-7B83-C89C3A024C7D}.Debug|Any CPU.ActiveCfg = Debug|Any CPU
		{F47B1EF5-0771-8213-7B83-C89C3A024C7D}.Debug|Any CPU.Build.0 = Debug|Any CPU
		{F47B1EF5-0771-8213-7B83-C89C3A024C7D}.Release|Any CPU.ActiveCfg = Release|Any CPU
		{F47B1EF5-0771-8213-7B83-C89C3A024C7D}.Release|Any CPU.Build.0 = Release|Any CPU
		{16BF80D5-E6F6-3840-2D1B-FD7CA85649CD}.Debug|Any CPU.ActiveCfg = Debug|Any CPU
		{16BF80D5-E6F6-3840-2D1B-FD7CA85649CD}.Debug|Any CPU.Build.0 = Debug|Any CPU
		{16BF80D5-E6F6-3840-2D1B-FD7CA85649CD}.Release|Any CPU.ActiveCfg = Release|Any CPU
		{16BF80D5-E6F6-3840-2D1B-FD7CA85649CD}.Release|Any CPU.Build.0 = Release|Any CPU
		{4D8B71F7-ABF1-71CD-020A-9ED340B7EFA2}.Debug|Any CPU.ActiveCfg = Debug|Any CPU
		{4D8B71F7-ABF1-71CD-020A-9ED340B7EFA2}.Debug|Any CPU.Build.0 = Debug|Any CPU
		{4D8B71F7-ABF1-71CD-020A-9ED340B7EFA2}.Release|Any CPU.ActiveCfg = Release|Any CPU
		{4D8B71F7-ABF1-71CD-020A-9ED340B7EFA2}.Release|Any CPU.Build.0 = Release|Any CPU
		{F852E019-2027-40D4-BAB5-12D1091FA15E}.Debug|Any CPU.ActiveCfg = Debug|Any CPU
		{F852E019-2027-40D4-BAB5-12D1091FA15E}.Debug|Any CPU.Build.0 = Debug|Any CPU
		{F852E019-2027-40D4-BAB5-12D1091FA15E}.Release|Any CPU.ActiveCfg = Release|Any CPU
		{F852E019-2027-40D4-BAB5-12D1091FA15E}.Release|Any CPU.Build.0 = Release|Any CPU
		{E77943A8-624B-A778-C01F-FD598E7C1809}.Debug|Any CPU.ActiveCfg = Debug|Any CPU
		{E77943A8-624B-A778-C01F-FD598E7C1809}.Debug|Any CPU.Build.0 = Debug|Any CPU
		{E77943A8-624B-A778-C01F-FD598E7C1809}.Release|Any CPU.ActiveCfg = Release|Any CPU
		{E77943A8-624B-A778-C01F-FD598E7C1809}.Release|Any CPU.Build.0 = Release|Any CPU
		{EF1FC99B-52BF-7E43-B13F-7223A6319871}.Debug|Any CPU.ActiveCfg = Debug|Any CPU
		{EF1FC99B-52BF-7E43-B13F-7223A6319871}.Debug|Any CPU.Build.0 = Debug|Any CPU
		{EF1FC99B-52BF-7E43-B13F-7223A6319871}.Release|Any CPU.ActiveCfg = Release|Any CPU
		{EF1FC99B-52BF-7E43-B13F-7223A6319871}.Release|Any CPU.Build.0 = Release|Any CPU
		{47FF86F2-3A68-32A1-1170-A810EE7DCFA7}.Debug|Any CPU.ActiveCfg = Debug|Any CPU
		{47FF86F2-3A68-32A1-1170-A810EE7DCFA7}.Debug|Any CPU.Build.0 = Debug|Any CPU
		{47FF86F2-3A68-32A1-1170-A810EE7DCFA7}.Release|Any CPU.ActiveCfg = Release|Any CPU
		{47FF86F2-3A68-32A1-1170-A810EE7DCFA7}.Release|Any CPU.Build.0 = Release|Any CPU
		{79FC94C0-50FF-A178-BCB6-46E8BD45AF4D}.Debug|Any CPU.ActiveCfg = Debug|Any CPU
		{79FC94C0-50FF-A178-BCB6-46E8BD45AF4D}.Debug|Any CPU.Build.0 = Debug|Any CPU
		{79FC94C0-50FF-A178-BCB6-46E8BD45AF4D}.Release|Any CPU.ActiveCfg = Release|Any CPU
		{79FC94C0-50FF-A178-BCB6-46E8BD45AF4D}.Release|Any CPU.Build.0 = Release|Any CPU
		{2FF9EFB9-C6AD-EE9B-CA7A-1D57B1A8075D}.Debug|Any CPU.ActiveCfg = Debug|Any CPU
		{2FF9EFB9-C6AD-EE9B-CA7A-1D57B1A8075D}.Debug|Any CPU.Build.0 = Debug|Any CPU
		{2FF9EFB9-C6AD-EE9B-CA7A-1D57B1A8075D}.Release|Any CPU.ActiveCfg = Release|Any CPU
		{2FF9EFB9-C6AD-EE9B-CA7A-1D57B1A8075D}.Release|Any CPU.Build.0 = Release|Any CPU
	EndGlobalSection
	GlobalSection(SolutionProperties) = preSolution
		HideSolutionNode = FALSE
	EndGlobalSection
EndGlobal
